
Microsoft Visual Studio Solution File, Format Version 12.00
Project("{FAE04EC0-301F-11D3-BF4B-00C04F79EFBC}") = "TicketWizard.Server", "TicketWizard.Server\TicketWizard.Server.csproj", "{29A9C2A3-C8A3-4203-AE41-6273E405FDE9}"
EndProject
Project("{FAE04EC0-301F-11D3-BF4B-00C04F79EFBC}") = "TicketWizard.Server.Tests", "TicketWizard.Server.Tests\TicketWizard.Server.Tests.csproj", "{3B3670E5-56E0-4F0D-8E0E-7C097A44FF02}"
EndProject
Global
	GlobalSection(SolutionConfigurationPlatforms) = preSolution
		Debug|Any CPU = Debug|Any CPU
		Release|Any CPU = Release|Any CPU
	EndGlobalSection
	GlobalSection(ProjectConfigurationPlatforms) = postSolution
		{29A9C2A3-C8A3-4203-AE41-6273E405FDE9}.Debug|Any CPU.ActiveCfg = Debug|Any CPU
		{29A9C2A3-C8A3-4203-AE41-6273E405FDE9}.Debug|Any CPU.Build.0 = Debug|Any CPU
		{29A9C2A3-C8A3-4203-AE41-6273E405FDE9}.Release|Any CPU.ActiveCfg = Release|Any CPU
		{29A9C2A3-C8A3-4203-AE41-6273E405FDE9}.Release|Any CPU.Build.0 = Release|Any CPU
		{3B3670E5-56E0-4F0D-8E0E-7C097A44FF02}.Debug|Any CPU.ActiveCfg = Debug|Any CPU
		{3B3670E5-56E0-4F0D-8E0E-7C097A44FF02}.Debug|Any CPU.Build.0 = Debug|Any CPU
		{3B3670E5-56E0-4F0D-8E0E-7C097A44FF02}.Release|Any CPU.ActiveCfg = Release|Any CPU
		{3B3670E5-56E0-4F0D-8E0E-7C097A44FF02}.Release|Any CPU.Build.0 = Release|Any CPU
	EndGlobalSection
EndGlobal
